
Microsoft Visual Studio Solution File, Format Version 12.00
# Visual Studio Version 16
VisualStudioVersion = 16.0.29326.143
MinimumVisualStudioVersion = 10.0.40219.1
Project("{8BC9CEB8-8B4A-11D0-8D11-00A0C91BC942}") = "Mandelbrot", "Mandelbrot\Mandelbrot.vcxproj", "{2211DED5-7F97-4ECA-8BF6-BF73F8C9ED70}"
EndProject
Global
	GlobalSection(SolutionConfigurationPlatforms) = preSolution
		Debug|x64 = Debug|x64
		Release|x64 = Release|x64
	EndGlobalSection
	GlobalSection(ProjectConfigurationPlatforms) = postSolution
		{2211DED5-7F97-4ECA-8BF6-BF73F8C9ED70}.Debug|x64.ActiveCfg = Debug|x64
		{2211DED5-7F97-4ECA-8BF6-BF73F8C9ED70}.Debug|x64.Build.0 = Debug|x64
		{2211DED5-7F97-4ECA-8BF6-BF73F8C9ED70}.Release|x64.ActiveCfg = Release|x64
		{2211DED5-7F97-4ECA-8BF6-BF73F8C9ED70}.Release|x64.Build.0 = Release|x64
	EndGlobalSection
	GlobalSection(SolutionProperties) = preSolution
		HideSolutionNode = FALSE
	EndGlobalSection
	GlobalSection(ExtensibilityGlobals) = postSolution
		SolutionGuid = {654D4A33-FEA0-45D0-B55E-E4F4C0888C0A}
	EndGlobalSection
EndGlobal
